// !$*UTF8*$!
{
	archiveVersion = 1;
	classes = {
	};
	objectVersion = 50;
	objects = {

/* Begin PBXBuildFile section */
		4EB27809272FC283006E2219 /* AppDelegate.swift in Sources */ = {isa = PBXBuildFile; fileRef = 4EB27808272FC283006E2219 /* AppDelegate.swift */; };
		4EB2780B272FC283006E2219 /* SceneDelegate.swift in Sources */ = {isa = PBXBuildFile; fileRef = 4EB2780A272FC283006E2219 /* SceneDelegate.swift */; };
		4EB27810272FC283006E2219 /* Main.storyboard in Resources */ = {isa = PBXBuildFile; fileRef = 4EB2780E272FC283006E2219 /* Main.storyboard */; };
		4EB27812272FC283006E2219 /* Assets.xcassets in Resources */ = {isa = PBXBuildFile; fileRef = 4EB27811272FC283006E2219 /* Assets.xcassets */; };
		4EB27815272FC283006E2219 /* LaunchScreen.storyboard in Resources */ = {isa = PBXBuildFile; fileRef = 4EB27813272FC283006E2219 /* LaunchScreen.storyboard */; };
		4EB27820272FC284006E2219 /* FoodPinTests.swift in Sources */ = {isa = PBXBuildFile; fileRef = 4EB2781F272FC284006E2219 /* FoodPinTests.swift */; };
		4EB2782B272FC284006E2219 /* FoodPinUITests.swift in Sources */ = {isa = PBXBuildFile; fileRef = 4EB2782A272FC284006E2219 /* FoodPinUITests.swift */; };
		4EB2783F272FC730006E2219 /* TableViewController.swift in Sources */ = {isa = PBXBuildFile; fileRef = 4EB2783E272FC730006E2219 /* TableViewController.swift */; };
/* End PBXBuildFile section */

/* Begin PBXContainerItemProxy section */
		4EB2781C272FC284006E2219 /* PBXContainerItemProxy */ = {
			isa = PBXContainerItemProxy;
			containerPortal = 4EB277FD272FC283006E2219 /* Project object */;
			proxyType = 1;
			remoteGlobalIDString = 4EB27804272FC283006E2219;
			remoteInfo = FoodPin;
		};
		4EB27827272FC284006E2219 /* PBXContainerItemProxy */ = {
			isa = PBXContainerItemProxy;
			containerPortal = 4EB277FD272FC283006E2219 /* Project object */;
			proxyType = 1;
			remoteGlobalIDString = 4EB27804272FC283006E2219;
			remoteInfo = FoodPin;
		};
/* End PBXContainerItemProxy section */

/* Begin PBXFileReference section */
		4EB27805272FC283006E2219 /* FoodPin.app */ = {isa = PBXFileReference; explicitFileType = wrapper.application; includeInIndex = 0; path = FoodPin.app; sourceTree = BUILT_PRODUCTS_DIR; };
		4EB27808272FC283006E2219 /* AppDelegate.swift */ = {isa = PBXFileReference; lastKnownFileType = sourcecode.swift; path = AppDelegate.swift; sourceTree = "<group>"; };
		4EB2780A272FC283006E2219 /* SceneDelegate.swift */ = {isa = PBXFileReference; lastKnownFileType = sourcecode.swift; path = SceneDelegate.swift; sourceTree = "<group>"; };
		4EB2780F272FC283006E2219 /* Base */ = {isa = PBXFileReference; lastKnownFileType = file.storyboard; name = Base; path = Base.lproj/Main.storyboard; sourceTree = "<group>"; };
		4EB27811272FC283006E2219 /* Assets.xcassets */ = {isa = PBXFileReference; lastKnownFileType = folder.assetcatalog; path = Assets.xcassets; sourceTree = "<group>"; };
		4EB27814272FC283006E2219 /* Base */ = {isa = PBXFileReference; lastKnownFileType = file.storyboard; name = Base; path = Base.lproj/LaunchScreen.storyboard; sourceTree = "<group>"; };
		4EB27816272FC283006E2219 /* Info.plist */ = {isa = PBXFileReference; lastKnownFileType = text.plist.xml; path = Info.plist; sourceTree = "<group>"; };
		4EB2781B272FC284006E2219 /* FoodPinTests.xctest */ = {isa = PBXFileReference; explicitFileType = wrapper.cfbundle; includeInIndex = 0; path = FoodPinTests.xctest; sourceTree = BUILT_PRODUCTS_DIR; };
		4EB2781F272FC284006E2219 /* FoodPinTests.swift */ = {isa = PBXFileReference; lastKnownFileType = sourcecode.swift; path = FoodPinTests.swift; sourceTree = "<group>"; };
		4EB27821272FC284006E2219 /* Info.plist */ = {isa = PBXFileReference; lastKnownFileType = text.plist.xml; path = Info.plist; sourceTree = "<group>"; };
		4EB27826272FC284006E2219 /* FoodPinUITests.xctest */ = {isa = PBXFileReference; explicitFileType = wrapper.cfbundle; includeInIndex = 0; path = FoodPinUITests.xctest; sourceTree = BUILT_PRODUCTS_DIR; };
		4EB2782A272FC284006E2219 /* FoodPinUITests.swift */ = {isa = PBXFileReference; lastKnownFileType = sourcecode.swift; path = FoodPinUITests.swift; sourceTree = "<group>"; };
		4EB2782C272FC284006E2219 /* Info.plist */ = {isa = PBXFileReference; lastKnownFileType = text.plist.xml; path = Info.plist; sourceTree = "<group>"; };
		4EB2783E272FC730006E2219 /* TableViewController.swift */ = {isa = PBXFileReference; lastKnownFileType = sourcecode.swift; path = TableViewController.swift; sourceTree = "<group>"; };
/* End PBXFileReference section */

/* Begin PBXFrameworksBuildPhase section */
		4EB27802272FC283006E2219 /* Frameworks */ = {
			isa = PBXFrameworksBuildPhase;
			buildActionMask = 2147483647;
			files = (
			);
			runOnlyForDeploymentPostprocessing = 0;
		};
		4EB27818272FC284006E2219 /* Frameworks */ = {
			isa = PBXFrameworksBuildPhase;
			buildActionMask = 2147483647;
			files = (
			);
			runOnlyForDeploymentPostprocessing = 0;
		};
		4EB27823272FC284006E2219 /* Frameworks */ = {
			isa = PBXFrameworksBuildPhase;
			buildActionMask = 2147483647;
			files = (
			);
			runOnlyForDeploymentPostprocessing = 0;
		};
/* End PBXFrameworksBuildPhase section */

/* Begin PBXGroup section */
		4EB277FC272FC283006E2219 = {
			isa = PBXGroup;
			children = (
				4EB27807272FC283006E2219 /* FoodPin */,
				4EB2781E272FC284006E2219 /* FoodPinTests */,
				4EB27829272FC284006E2219 /* FoodPinUITests */,
				4EB27806272FC283006E2219 /* Products */,
			);
			sourceTree = "<group>";
		};
		4EB27806272FC283006E2219 /* Products */ = {
			isa = PBXGroup;
			children = (
				4EB27805272FC283006E2219 /* FoodPin.app */,
				4EB2781B272FC284006E2219 /* FoodPinTests.xctest */,
				4EB27826272FC284006E2219 /* FoodPinUITests.xctest */,
			);
			name = Products;
			sourceTree = "<group>";
		};
		4EB27807272FC283006E2219 /* FoodPin */ = {
			isa = PBXGroup;
			children = (
				4EB27808272FC283006E2219 /* AppDelegate.swift */,
				4EB2780A272FC283006E2219 /* SceneDelegate.swift */,
				4EB2780E272FC283006E2219 /* Main.storyboard */,
				4EB27811272FC283006E2219 /* Assets.xcassets */,
				4EB27813272FC283006E2219 /* LaunchScreen.storyboard */,
				4EB27816272FC283006E2219 /* Info.plist */,
				4EB2783E272FC730006E2219 /* TableViewController.swift */,
			);
			path = FoodPin;
			sourceTree = "<group>";
		};
		4EB2781E272FC284006E2219 /* FoodPinTests */ = {
			isa = PBXGroup;
			children = (
				4EB2781F272FC284006E2219 /* FoodPinTests.swift */,
				4EB27821272FC284006E2219 /* Info.plist */,
			);
			path = FoodPinTests;
			sourceTree = "<group>";
		};
		4EB27829272FC284006E2219 /* FoodPinUITests */ = {
			isa = PBXGroup;
			children = (
				4EB2782A272FC284006E2219 /* FoodPinUITests.swift */,
				4EB2782C272FC284006E2219 /* Info.plist */,
			);
			path = FoodPinUITests;
			sourceTree = "<group>";
		};
/* End PBXGroup section */

/* Begin PBXNativeTarget section */
		4EB27804272FC283006E2219 /* FoodPin */ = {
			isa = PBXNativeTarget;
			buildConfigurationList = 4EB2782F272FC284006E2219 /* Build configuration list for PBXNativeTarget "FoodPin" */;
			buildPhases = (
				4EB27801272FC283006E2219 /* Sources */,
				4EB27802272FC283006E2219 /* Frameworks */,
				4EB27803272FC283006E2219 /* Resources */,
			);
			buildRules = (
			);
			dependencies = (
			);
			name = FoodPin;
			productName = FoodPin;
			productReference = 4EB27805272FC283006E2219 /* FoodPin.app */;
			productType = "com.apple.product-type.application";
		};
		4EB2781A272FC284006E2219 /* FoodPinTests */ = {
			isa = PBXNativeTarget;
			buildConfigurationList = 4EB27832272FC284006E2219 /* Build configuration list for PBXNativeTarget "FoodPinTests" */;
			buildPhases = (
				4EB27817272FC284006E2219 /* Sources */,
				4EB27818272FC284006E2219 /* Frameworks */,
				4EB27819272FC284006E2219 /* Resources */,
			);
			buildRules = (
			);
			dependencies = (
				4EB2781D272FC284006E2219 /* PBXTargetDependency */,
			);
			name = FoodPinTests;
			productName = FoodPinTests;
			productReference = 4EB2781B272FC284006E2219 /* FoodPinTests.xctest */;
			productType = "com.apple.product-type.bundle.unit-test";
		};
		4EB27825272FC284006E2219 /* FoodPinUITests */ = {
			isa = PBXNativeTarget;
			buildConfigurationList = 4EB27835272FC284006E2219 /* Build configuration list for PBXNativeTarget "FoodPinUITests" */;
			buildPhases = (
				4EB27822272FC284006E2219 /* Sources */,
				4EB27823272FC284006E2219 /* Frameworks */,
				4EB27824272FC284006E2219 /* Resources */,
			);
			buildRules = (
			);
			dependencies = (
				4EB27828272FC284006E2219 /* PBXTargetDependency */,
			);
			name = FoodPinUITests;
			productName = FoodPinUITests;
			productReference = 4EB27826272FC284006E2219 /* FoodPinUITests.xctest */;
			productType = "com.apple.product-type.bundle.ui-testing";
		};
/* End PBXNativeTarget section */

/* Begin PBXProject section */
		4EB277FD272FC283006E2219 /* Project object */ = {
			isa = PBXProject;
			attributes = {
				LastSwiftUpdateCheck = 1240;
				LastUpgradeCheck = 1240;
				TargetAttributes = {
					4EB27804272FC283006E2219 = {
						CreatedOnToolsVersion = 12.4;
					};
					4EB2781A272FC284006E2219 = {
						CreatedOnToolsVersion = 12.4;
						TestTargetID = 4EB27804272FC283006E2219;
					};
					4EB27825272FC284006E2219 = {
						CreatedOnToolsVersion = 12.4;
						TestTargetID = 4EB27804272FC283006E2219;
					};
				};
			};
			buildConfigurationList = 4EB27800272FC283006E2219 /* Build configuration list for PBXProject "FoodPin" */;
			compatibilityVersion = "Xcode 9.3";
			developmentRegion = en;
			hasScannedForEncodings = 0;
			knownRegions = (
				en,
				Base,
			);
			mainGroup = 4EB277FC272FC283006E2219;
			productRefGroup = 4EB27806272FC283006E2219 /* Products */;
			projectDirPath = "";
			projectRoot = "";
			targets = (
				4EB27804272FC283006E2219 /* FoodPin */,
				4EB2781A272FC284006E2219 /* FoodPinTests */,
				4EB27825272FC284006E2219 /* FoodPinUITests */,
			);
		};
/* End PBXProject section */

/* Begin PBXResourcesBuildPhase section */
		4EB27803272FC283006E2219 /* Resources */ = {
			isa = PBXResourcesBuildPhase;
			buildActionMask = 2147483647;
			files = (
				4EB27815272FC283006E2219 /* LaunchScreen.storyboard in Resources */,
				4EB27812272FC283006E2219 /* Assets.xcassets in Resources */,
				4EB27810272FC283006E2219 /* Main.storyboard in Resources */,
			);
			runOnlyForDeploymentPostprocessing = 0;
		};
		4EB27819272FC284006E2219 /* Resources */ = {
			isa = PBXResourcesBuildPhase;
			buildActionMask = 2147483647;
			files = (
			);
			runOnlyForDeploymentPostprocessing = 0;
		};
		4EB27824272FC284006E2219 /* Resources */ = {
			isa = PBXResourcesBuildPhase;
			buildActionMask = 2147483647;
			files = (
			);
			runOnlyForDeploymentPostprocessing = 0;
		};
/* End PBXResourcesBuildPhase section */

/* Begin PBXSourcesBuildPhase section */
		4EB27801272FC283006E2219 /* Sources */ = {
			isa = PBXSourcesBuildPhase;
			buildActionMask = 2147483647;
			files = (
				4EB27809272FC283006E2219 /* AppDelegate.swift in Sources */,
				4EB2783F272FC730006E2219 /* TableViewController.swift in Sources */,
				4EB2780B272FC283006E2219 /* SceneDelegate.swift in Sources */,
			);
			runOnlyForDeploymentPostprocessing = 0;
		};
		4EB27817272FC284006E2219 /* Sources */ = {
			isa = PBXSourcesBuildPhase;
			buildActionMask = 2147483647;
			files = (
				4EB27820272FC284006E2219 /* FoodPinTests.swift in Sources */,
			);
			runOnlyForDeploymentPostprocessing = 0;
		};
		4EB27822272FC284006E2219 /* Sources */ = {
			isa = PBXSourcesBuildPhase;
			buildActionMask = 2147483647;
			files = (
				4EB2782B272FC284006E2219 /* FoodPinUITests.swift in Sources */,
			);
			runOnlyForDeploymentPostprocessing = 0;
		};
/* End PBXSourcesBuildPhase section */

/* Begin PBXTargetDependency section */
		4EB2781D272FC284006E2219 /* PBXTargetDependency */ = {
			isa = PBXTargetDependency;
			target = 4EB27804272FC283006E2219 /* FoodPin */;
			targetProxy = 4EB2781C272FC284006E2219 /* PBXContainerItemProxy */;
		};
		4EB27828272FC284006E2219 /* PBXTargetDependency */ = {
			isa = PBXTargetDependency;
			target = 4EB27804272FC283006E2219 /* FoodPin */;
			targetProxy = 4EB27827272FC284006E2219 /* PBXContainerItemProxy */;
		};
/* End PBXTargetDependency section */

/* Begin PBXVariantGroup section */
		4EB2780E272FC283006E2219 /* Main.storyboard */ = {
			isa = PBXVariantGroup;
			children = (
				4EB2780F272FC283006E2219 /* Base */,
			);
			name = Main.storyboard;
			sourceTree = "<group>";
		};
		4EB27813272FC283006E2219 /* LaunchScreen.storyboard */ = {
			isa = PBXVariantGroup;
			children = (
				4EB27814272FC283006E2219 /* Base */,
			);
			name = LaunchScreen.storyboard;
			sourceTree = "<group>";
		};
/* End PBXVariantGroup section */

/* Begin XCBuildConfiguration section */
		4EB2782D272FC284006E2219 /* Debug */ = {
			isa = XCBuildConfiguration;
			buildSettings = {
				ALWAYS_SEARCH_USER_PATHS = NO;
				CLANG_ANALYZER_NONNULL = YES;
				CLANG_ANALYZER_NUMBER_OBJECT_CONVERSION = YES_AGGRESSIVE;
				CLANG_CXX_LANGUAGE_STANDARD = "gnu++14";
				CLANG_CXX_LIBRARY = "libc++";
				CLANG_ENABLE_MODULES = YES;
				CLANG_ENABLE_OBJC_ARC = YES;
				CLANG_ENABLE_OBJC_WEAK = YES;
				CLANG_WARN_BLOCK_CAPTURE_AUTORELEASING = YES;
				CLANG_WARN_BOOL_CONVERSION = YES;
				CLANG_WARN_COMMA = YES;
				CLANG_WARN_CONSTANT_CONVERSION = YES;
				CLANG_WARN_DEPRECATED_OBJC_IMPLEMENTATIONS = YES;
				CLANG_WARN_DIRECT_OBJC_ISA_USAGE = YES_ERROR;
				CLANG_WARN_DOCUMENTATION_COMMENTS = YES;
				CLANG_WARN_EMPTY_BODY = YES;
				CLANG_WARN_ENUM_CONVERSION = YES;
				CLANG_WARN_INFINITE_RECURSION = YES;
				CLANG_WARN_INT_CONVERSION = YES;
				CLANG_WARN_NON_LITERAL_NULL_CONVERSION = YES;
				CLANG_WARN_OBJC_IMPLICIT_RETAIN_SELF = YES;
				CLANG_WARN_OBJC_LITERAL_CONVERSION = YES;
				CLANG_WARN_OBJC_ROOT_CLASS = YES_ERROR;
				CLANG_WARN_QUOTED_INCLUDE_IN_FRAMEWORK_HEADER = YES;
				CLANG_WARN_RANGE_LOOP_ANALYSIS = YES;
				CLANG_WARN_STRICT_PROTOTYPES = YES;
				CLANG_WARN_SUSPICIOUS_MOVE = YES;
				CLANG_WARN_UNGUARDED_AVAILABILITY = YES_AGGRESSIVE;
				CLANG_WARN_UNREACHABLE_CODE = YES;
				CLANG_WARN__DUPLICATE_METHOD_MATCH = YES;
				COPY_PHASE_STRIP = NO;
				DEBUG_INFORMATION_FORMAT = dwarf;
				ENABLE_STRICT_OBJC_MSGSEND = YES;
				ENABLE_TESTABILITY = YES;
				GCC_C_LANGUAGE_STANDARD = gnu11;
				GCC_DYNAMIC_NO_PIC = NO;
				GCC_NO_COMMON_BLOCKS = YES;
				GCC_OPTIMIZATION_LEVEL = 0;
				GCC_PREPROCESSOR_DEFINITIONS = (
					"DEBUG=1",
					"$(inherited)",
				);
				GCC_WARN_64_TO_32_BIT_CONVERSION = YES;
				GCC_WARN_ABOUT_RETURN_TYPE = YES_ERROR;
				GCC_WARN_UNDECLARED_SELECTOR = YES;
				GCC_WARN_UNINITIALIZED_AUTOS = YES_AGGRESSIVE;
				GCC_WARN_UNUSED_FUNCTION = YES;
				GCC_WARN_UNUSED_VARIABLE = YES;
				IPHONEOS_DEPLOYMENT_TARGET = 14.4;
				MTL_ENABLE_DEBUG_INFO = INCLUDE_SOURCE;
				MTL_FAST_MATH = YES;
				ONLY_ACTIVE_ARCH = YES;
				SDKROOT = iphoneos;
				SWIFT_ACTIVE_COMPILATION_CONDITIONS = DEBUG;
				SWIFT_OPTIMIZATION_LEVEL = "-Onone";
			};
			name = Debug;
		};
		4EB2782E272FC284006E2219 /* Release */ = {
			isa = XCBuildConfiguration;
			buildSettings = {
				ALWAYS_SEARCH_USER_PATHS = NO;
				CLANG_ANALYZER_NONNULL = YES;
				CLANG_ANALYZER_NUMBER_OBJECT_CONVERSION = YES_AGGRESSIVE;
				CLANG_CXX_LANGUAGE_STANDARD = "gnu++14";
				CLANG_CXX_LIBRARY = "libc++";
				CLANG_ENABLE_MODULES = YES;
				CLANG_ENABLE_OBJC_ARC = YES;
				CLANG_ENABLE_OBJC_WEAK = YES;
				CLANG_WARN_BLOCK_CAPTURE_AUTORELEASING = YES;
				CLANG_WARN_BOOL_CONVERSION = YES;
				CLANG_WARN_COMMA = YES;
				CLANG_WARN_CONSTANT_CONVERSION = YES;
				CLANG_WARN_DEPRECATED_OBJC_IMPLEMENTATIONS = YES;
				CLANG_WARN_DIRECT_OBJC_ISA_USAGE = YES_ERROR;
				CLANG_WARN_DOCUMENTATION_COMMENTS = YES;
				CLANG_WARN_EMPTY_BODY = YES;
				CLANG_WARN_ENUM_CONVERSION = YES;
				CLANG_WARN_INFINITE_RECURSION = YES;
				CLANG_WARN_INT_CONVERSION = YES;
				CLANG_WARN_NON_LITERAL_NULL_CONVERSION = YES;
				CLANG_WARN_OBJC_IMPLICIT_RETAIN_SELF = YES;
				CLANG_WARN_OBJC_LITERAL_CONVERSION = YES;
				CLANG_WARN_OBJC_ROOT_CLASS = YES_ERROR;
				CLANG_WARN_QUOTED_INCLUDE_IN_FRAMEWORK_HEADER = YES;
				CLANG_WARN_RANGE_LOOP_ANALYSIS = YES;
				CLANG_WARN_STRICT_PROTOTYPES = YES;
				CLANG_WARN_SUSPICIOUS_MOVE = YES;
				CLANG_WARN_UNGUARDED_AVAILABILITY = YES_AGGRESSIVE;
				CLANG_WARN_UNREACHABLE_CODE = YES;
				CLANG_WARN__DUPLICATE_METHOD_MATCH = YES;
				COPY_PHASE_STRIP = NO;
				DEBUG_INFORMATION_FORMAT = "dwarf-with-dsym";
				ENABLE_NS_ASSERTIONS = NO;
				ENABLE_STRICT_OBJC_MSGSEND = YES;
				GCC_C_LANGUAGE_STANDARD = gnu11;
				GCC_NO_COMMON_BLOCKS = YES;
				GCC_WARN_64_TO_32_BIT_CONVERSION = YES;
				GCC_WARN_ABOUT_RETURN_TYPE = YES_ERROR;
				GCC_WARN_UNDECLARED_SELECTOR = YES;
				GCC_WARN_UNINITIALIZED_AUTOS = YES_AGGRESSIVE;
				GCC_WARN_UNUSED_FUNCTION = YES;
				GCC_WARN_UNUSED_VARIABLE = YES;
				IPHONEOS_DEPLOYMENT_TARGET = 14.4;
				MTL_ENABLE_DEBUG_INFO = NO;
				MTL_FAST_MATH = YES;
				SDKROOT = iphoneos;
				SWIFT_COMPILATION_MODE = wholemodule;
				SWIFT_OPTIMIZATION_LEVEL = "-O";
				VALIDATE_PRODUCT = YES;
			};
			name = Release;
		};
		4EB27830272FC284006E2219 /* Debug */ = {
			isa = XCBuildConfiguration;
			buildSettings = {
				ASSETCATALOG_COMPILER_APPICON_NAME = AppIcon;
				ASSETCATALOG_COMPILER_GLOBAL_ACCENT_COLOR_NAME = AccentColor;
				CODE_SIGN_STYLE = Automatic;
				INFOPLIST_FILE = FoodPin/Info.plist;
				LD_RUNPATH_SEARCH_PATHS = (
					"$(inherited)",
					"@executable_path/Frameworks",
				);
				PRODUCT_BUNDLE_IDENTIFIER = com.ndhu.FoodPin;
				PRODUCT_NAME = "$(TARGET_NAME)";
				SWIFT_VERSION = 5.0;
				TARGETED_DEVICE_FAMILY = "1,2";
			};
			name = Debug;
		};
		4EB27831272FC284006E2219 /* Release */ = {
			isa = XCBuildConfiguration;
			buildSettings = {
				ASSETCATALOG_COMPILER_APPICON_NAME = AppIcon;
				ASSETCATALOG_COMPILER_GLOBAL_ACCENT_COLOR_NAME = AccentColor;
				CODE_SIGN_STYLE = Automatic;
				INFOPLIST_FILE = FoodPin/Info.plist;
				LD_RUNPATH_SEARCH_PATHS = (
					"$(inherited)",
					"@executable_path/Frameworks",
				);
				PRODUCT_BUNDLE_IDENTIFIER = com.ndhu.FoodPin;
				PRODUCT_NAME = "$(TARGET_NAME)";
				SWIFT_VERSION = 5.0;
				TARGETED_DEVICE_FAMILY = "1,2";
			};
			name = Release;
		};
		4EB27833272FC284006E2219 /* Debug */ = {
			isa = XCBuildConfiguration;
			buildSettings = {
				ALWAYS_EMBED_SWIFT_STANDARD_LIBRARIES = YES;
				BUNDLE_LOADER = "$(TEST_HOST)";
				CODE_SIGN_STYLE = Automatic;
				INFOPLIST_FILE = FoodPinTests/Info.plist;
				IPHONEOS_DEPLOYMENT_TARGET = 14.4;
				LD_RUNPATH_SEARCH_PATHS = (
					"$(inherited)",
					"@executable_path/Frameworks",
					"@loader_path/Frameworks",
				);
				PRODUCT_BUNDLE_IDENTIFIER = com.ndhu.FoodPinTests;
				PRODUCT_NAME = "$(TARGET_NAME)";
				SWIFT_VERSION = 5.0;
				TARGETED_DEVICE_FAMILY = "1,2";
				TEST_HOST = "$(BUILT_PRODUCTS_DIR)/FoodPin.app/FoodPin";
			};
			name = Debug;
		};
		4EB27834272FC284006E2219 /* Release */ = {
			isa = XCBuildConfiguration;
			buildSettings = {
				ALWAYS_EMBED_SWIFT_STANDARD_LIBRARIES = YES;
				BUNDLE_LOADER = "$(TEST_HOST)";
				CODE_SIGN_STYLE = Automatic;
				INFOPLIST_FILE = FoodPinTests/Info.plist;
				IPHONEOS_DEPLOYMENT_TARGET = 14.4;
				LD_RUNPATH_SEARCH_PATHS = (
					"$(inherited)",
					"@executable_path/Frameworks",
					"@loader_path/Frameworks",
				);
				PRODUCT_BUNDLE_IDENTIFIER = com.ndhu.FoodPinTests;
				PRODUCT_NAME = "$(TARGET_NAME)";
				SWIFT_VERSION = 5.0;
				TARGETED_DEVICE_FAMILY = "1,2";
				TEST_HOST = "$(BUILT_PRODUCTS_DIR)/FoodPin.app/FoodPin";
			};
			name = Release;
		};
		4EB27836272FC284006E2219 /* Debug */ = {
			isa = XCBuildConfiguration;
			buildSettings = {
				ALWAYS_EMBED_SWIFT_STANDARD_LIBRARIES = YES;
				CODE_SIGN_STYLE = Automatic;
				INFOPLIST_FILE = FoodPinUITests/Info.plist;
				LD_RUNPATH_SEARCH_PATHS = (
					"$(inherited)",
					"@executable_path/Frameworks",
					"@loader_path/Frameworks",
				);
				PRODUCT_BUNDLE_IDENTIFIER = com.ndhu.FoodPinUITests;
				PRODUCT_NAME = "$(TARGET_NAME)";
				SWIFT_VERSION = 5.0;
				TARGETED_DEVICE_FAMILY = "1,2";
				TEST_TARGET_NAME = FoodPin;
			};
			name = Debug;
		};
		4EB27837272FC284006E2219 /* Release */ = {
			isa = XCBuildConfiguration;
			buildSettings = {
				ALWAYS_EMBED_SWIFT_STANDARD_LIBRARIES = YES;
				CODE_SIGN_STYLE = Automatic;
				INFOPLIST_FILE = FoodPinUITests/Info.plist;
				LD_RUNPATH_SEARCH_PATHS = (
					"$(inherited)",
					"@executable_path/Frameworks",
					"@loader_path/Frameworks",
				);
				PRODUCT_BUNDLE_IDENTIFIER = com.ndhu.FoodPinUITests;
				PRODUCT_NAME = "$(TARGET_NAME)";
				SWIFT_VERSION = 5.0;
				TARGETED_DEVICE_FAMILY = "1,2";
				TEST_TARGET_NAME = FoodPin;
			};
			name = Release;
		};
/* End XCBuildConfiguration section */

/* Begin XCConfigurationList section */
		4EB27800272FC283006E2219 /* Build configuration list for PBXProject "FoodPin" */ = {
			isa = XCConfigurationList;
			buildConfigurations = (
				4EB2782D272FC284006E2219 /* Debug */,
				4EB2782E272FC284006E2219 /* Release */,
			);
			defaultConfigurationIsVisible = 0;
			defaultConfigurationName = Release;
		};
		4EB2782F272FC284006E2219 /* Build configuration list for PBXNativeTarget "FoodPin" */ = {
			isa = XCConfigurationList;
			buildConfigurations = (
				4EB27830272FC284006E2219 /* Debug */,
				4EB27831272FC284006E2219 /* Release */,
			);
			defaultConfigurationIsVisible = 0;
			defaultConfigurationName = Release;
		};
		4EB27832272FC284006E2219 /* Build configuration list for PBXNativeTarget "FoodPinTests" */ = {
			isa = XCConfigurationList;
			buildConfigurations = (
				4EB27833272FC284006E2219 /* Debug */,
				4EB27834272FC284006E2219 /* Release */,
			);
			defaultConfigurationIsVisible = 0;
			defaultConfigurationName = Release;
		};
		4EB27835272FC284006E2219 /* Build configuration list for PBXNativeTarget "FoodPinUITests" */ = {
			isa = XCConfigurationList;
			buildConfigurations = (
				4EB27836272FC284006E2219 /* Debug */,
				4EB27837272FC284006E2219 /* Release */,
			);
			defaultConfigurationIsVisible = 0;
			defaultConfigurationName = Release;
		};
/* End XCConfigurationList section */
	};
	rootObject = 4EB277FD272FC283006E2219 /* Project object */;
}
